
Microsoft Visual Studio Solution File, Format Version 12.00
# Visual Studio Version 17
VisualStudioVersion = 17.14.36203.30 d17.14
MinimumVisualStudioVersion = 10.0.40219.1
Project("{FAE04EC0-301F-11D3-BF4B-00C04F79EFBC}") = "Iterator", "Behavioral_Design_Patterns\Iterator.csproj", "{3B67A8FF-BC81-4F8B-BDDF-F33DCF71FFE2}"
EndProject
Project("{FAE04EC0-301F-11D3-BF4B-00C04F79EFBC}") = "Observer", "Observer\Observer.csproj", "{C76F06A3-3B2B-4E75-8F94-1A40DEEEF563}"
EndProject
Global
	GlobalSection(SolutionConfigurationPlatforms) = preSolution
		Debug|Any CPU = Debug|Any CPU
		Release|Any CPU = Release|Any CPU
	EndGlobalSection
	GlobalSection(ProjectConfigurationPlatforms) = postSolution
		{3B67A8FF-BC81-4F8B-BDDF-F33DCF71FFE2}.Debug|Any CPU.ActiveCfg = Debug|Any CPU
		{3B67A8FF-BC81-4F8B-BDDF-F33DCF71FFE2}.Debug|Any CPU.Build.0 = Debug|Any CPU
		{3B67A8FF-BC81-4F8B-BDDF-F33DCF71FFE2}.Release|Any CPU.ActiveCfg = Release|Any CPU
		{3B67A8FF-BC81-4F8B-BDDF-F33DCF71FFE2}.Release|Any CPU.Build.0 = Release|Any CPU
		{C76F06A3-3B2B-4E75-8F94-1A40DEEEF563}.Debug|Any CPU.ActiveCfg = Debug|Any CPU
		{C76F06A3-3B2B-4E75-8F94-1A40DEEEF563}.Debug|Any CPU.Build.0 = Debug|Any CPU
		{C76F06A3-3B2B-4E75-8F94-1A40DEEEF563}.Release|Any CPU.ActiveCfg = Release|Any CPU
		{C76F06A3-3B2B-4E75-8F94-1A40DEEEF563}.Release|Any CPU.Build.0 = Release|Any CPU
	EndGlobalSection
	GlobalSection(SolutionProperties) = preSolution
		HideSolutionNode = FALSE
	EndGlobalSection
	GlobalSection(ExtensibilityGlobals) = postSolution
		SolutionGuid = {8E0C1F23-D1DB-49CC-A12C-A733AD23A3CD}
	EndGlobalSection
EndGlobal
